Microsoft Visual Studio Solution File, Format Version 12.00
# Visual Studio 2013
VisualStudioVersion = 12.0.31101.0
MinimumVisualStudioVersion = 12.0.21005.1
Project("{BC8A1FFA-BEE3-4634-8014-F334798102B}") = "ESP32-AI-Control-WP81", "src\ESP32AIControl.WP81\ESP32-AI-Control-WP81.csproj", "{9A7C6E32-7B8D-4DCE-9B0A-4D9B9B8B0A81}"
EndProject
Global
	GlobalSection(SolutionConfigurationPlatforms) = preSolution
		Debug|ARM = Debug|ARM
		Release|ARM = Release|ARM
	EndGlobalSection
	GlobalSection(ProjectConfigurationPlatforms) = postSolution
		{9A7C6E32-7B8D-4DCE-9B0A-4D9B9B8B0A81}.Debug|ARM.ActiveCfg = Debug|ARM
		{9A7C6E32-7B8D-4DCE-9B0A-4D9B9B8B0A81}.Debug|ARM.Build.0 = Debug|ARM
		{9A7C6E32-7B8D-4DCE-9B0A-4D9B9B8B0A81}.Release|ARM.ActiveCfg = Release|ARM
		{9A7C6E32-7B8D-4DCE-9B0A-4D9B9B8B0A81}.Release|ARM.Build.0 = Release|ARM
	EndGlobalSection
	GlobalSection(SolutionProperties) = preSolution
		HideSolutionNode = FALSE
	EndGlobalSection
EndGlobal
